
Microsoft Visual Studio Solution File, Format Version 12.00
# Visual Studio Version 17
VisualStudioVersion = 17.14.37314.3 d17.14
MinimumVisualStudioVersion = 10.0.40219.1
Project("{FAE04EC0-301F-11D3-BF4B-00C04F79EFBC}") = "PresentationLayer", "InventoryManagmentAndInstanceIssuancePresentationLayer\PresentationLayer.csproj", "{F16A81A9-3E11-4D6B-B0F0-4C4F2397FF6F}"
EndProject
Project("{FAE04EC0-301F-11D3-BF4B-00C04F79EFBC}") = "DomainLayer", "DomainLayer\DomainLayer.csproj", "{0DA6AE52-F73A-474A-84A2-F6109E2987AE}"
EndProject
Project("{FAE04EC0-301F-11D3-BF4B-00C04F79EFBC}") = "InfrastructureLayer", "InfrastructureLayer\InfrastructureLayer.csproj", "{E1132EB0-3B5C-4687-9799-20C48F4148B1}"
EndProject
Project("{FAE04EC0-301F-11D3-BF4B-00C04F79EFBC}") = "ApplicationLayer", "ApplicationLayer\ApplicationLayer.csproj", "{95E53FDF-DD8C-4EEE-9C42-64A4838E77D5}"
EndProject
Global
	GlobalSection(SolutionConfigurationPlatforms) = preSolution
		Debug|Any CPU = Debug|Any CPU
		Release|Any CPU = Release|Any CPU
	EndGlobalSection
	GlobalSection(ProjectConfigurationPlatforms) = postSolution
		{F16A81A9-3E11-4D6B-B0F0-4C4F2397FF6F}.Debug|Any CPU.ActiveCfg = Debug|Any CPU
		{F16A81A9-3E11-4D6B-B0F0-4C4F2397FF6F}.Debug|Any CPU.Build.0 = Debug|Any CPU
		{F16A81A9-3E11-4D6B-B0F0-4C4F2397FF6F}.Release|Any CPU.ActiveCfg = Release|Any CPU
		{F16A81A9-3E11-4D6B-B0F0-4C4F2397FF6F}.Release|Any CPU.Build.0 = Release|Any CPU
		{0DA6AE52-F73A-474A-84A2-F6109E2987AE}.Debug|Any CPU.ActiveCfg = Debug|Any CPU
		{0DA6AE52-F73A-474A-84A2-F6109E2987AE}.Debug|Any CPU.Build.0 = Debug|Any CPU
		{0DA6AE52-F73A-474A-84A2-F6109E2987AE}.Release|Any CPU.ActiveCfg = Release|Any CPU
		{0DA6AE52-F73A-474A-84A2-F6109E2987AE}.Release|Any CPU.Build.0 = Release|Any CPU
		{E1132EB0-3B5C-4687-9799-20C48F4148B1}.Debug|Any CPU.ActiveCfg = Debug|Any CPU
		{E1132EB0-3B5C-4687-9799-20C48F4148B1}.Debug|Any CPU.Build.0 = Debug|Any CPU
		{E1132EB0-3B5C-4687-9799-20C48F4148B1}.Release|Any CPU.ActiveCfg = Release|Any CPU
		{E1132EB0-3B5C-4687-9799-20C48F4148B1}.Release|Any CPU.Build.0 = Release|Any CPU
		{95E53FDF-DD8C-4EEE-9C42-64A4838E77D5}.Debug|Any CPU.ActiveCfg = Debug|Any CPU
		{95E53FDF-DD8C-4EEE-9C42-64A4838E77D5}.Debug|Any CPU.Build.0 = Debug|Any CPU
		{95E53FDF-DD8C-4EEE-9C42-64A4838E77D5}.Release|Any CPU.ActiveCfg = Release|Any CPU
		{95E53FDF-DD8C-4EEE-9C42-64A4838E77D5}.Release|Any CPU.Build.0 = Release|Any CPU
	EndGlobalSection
	GlobalSection(SolutionProperties) = preSolution
		HideSolutionNode = FALSE
	EndGlobalSection
	GlobalSection(ExtensibilityGlobals) = postSolution
		SolutionGuid = {440AD643-0486-4315-9F59-CC0728B5B46C}
	EndGlobalSection
EndGlobal
